{
  "name": "Minesweeper",
  "lockfileVersion": 3,
  "requires": true,
  "packages": {
    "": {
      "dependencies": {
        "gridjs": "^6.0.6",
        "jquery": "^3.7.0"
      }
    },
    "node_modules/gridjs": {
      "version": "6.0.6",
      "resolved": "https://registry.npmjs.org/gridjs/-/gridjs-6.0.6.tgz",
      "integrity": "sha512-TZ20nY+weE/wlyXOd3A9FJyJlsJ/MrHr6frMgUHFN29RmWZCYtnyfF0zuspXC81oePwSJeSZ8HY651aeyX8+rQ==",
      "dependencies": {
        "preact": "^10.11.3"
      }
    },
    "node_modules/jquery": {
      "version": "3.7.0",
      "resolved": "https://registry.npmjs.org/jquery/-/jquery-3.7.0.tgz",
      "integrity": "sha512-umpJ0/k8X0MvD1ds0P9SfowREz2LenHsQaxSohMZ5OMNEU2r0tf8pdeEFTHMFxWVxKNyU9rTtK3CWzUCTKJUeQ=="
    },
    "node_modules/preact": {
      "version": "10.16.0",
      "resolved": "https://registry.npmjs.org/preact/-/preact-10.16.0.tgz",
      "integrity": "sha512-XTSj3dJ4roKIC93pald6rWuB2qQJO9gO2iLLyTe87MrjQN+HklueLsmskbywEWqCHlclgz3/M4YLL2iBr9UmMA==",
      "funding": {
        "type": "opencollective",
        "url": "https://opencollective.com/preact"
      }
    }
  }
}
